
Microsoft Visual Studio Solution File, Format Version 12.00
# Visual Studio Version 17
VisualStudioVersion = 17.3.32929.385
MinimumVisualStudioVersion = 10.0.40219.1
Project("{9A19103F-16F7-4668-BE54-9A1E7A4F7556}") = "Stage0", "Stage0\Stage0.csproj", "{24606F39-5949-47E7-B448-74D3267F33D8}"
EndProject
Project("{2150E333-8FDC-42A3-9474-1A3956D46DE8}") = "Solution Items", "Solution Items", "{82027EF8-DFE8-4E2C-915C-15F6E6F37710}"
	ProjectSection(SolutionItems) = preProject
		README.md = README.md
	EndProjectSection
EndProject
Project("{9A19103F-16F7-4668-BE54-9A1E7A4F7556}") = "DalFacade", "DalFacade\DalFacade.csproj", "{EDB778E3-A6E3-4E21-8AB7-37871B308E2A}"
EndProject
Project("{9A19103F-16F7-4668-BE54-9A1E7A4F7556}") = "DalList", "DalList\DalList.csproj", "{29400256-9E85-411C-8DA1-A1CDAF4CC06A}"
EndProject
Project("{9A19103F-16F7-4668-BE54-9A1E7A4F7556}") = "DalTest", "DalTest\DalTest.csproj", "{7526B8C3-910B-44FE-A584-7C29637CDB90}"
EndProject
Project("{9A19103F-16F7-4668-BE54-9A1E7A4F7556}") = "BL", "BL\BL.csproj", "{647562EA-9699-4D0B-AC4C-F73F7DF9C211}"
EndProject
Project("{9A19103F-16F7-4668-BE54-9A1E7A4F7556}") = "BlTest", "BlTest\BlTest.csproj", "{50B4642A-FE69-485B-8EBE-94C4D5773C55}"
EndProject
Project("{9A19103F-16F7-4668-BE54-9A1E7A4F7556}") = "PL", "PL\PL.csproj", "{2EFFE007-34B1-43BA-BAEA-2E90C06255D1}"
	ProjectSection(ProjectDependencies) = postProject
		{8FD676E3-796C-419B-B713-C890027049A5} = {8FD676E3-796C-419B-B713-C890027049A5}
	EndProjectSection
EndProject
Project("{2150E333-8FDC-42A3-9474-1A3956D46DE8}") = "xml", "xml", "{85909873-3F62-4232-A63A-B73CDD0887C0}"
	ProjectSection(SolutionItems) = preProject
		xml\config.xml = xml\config.xml
		xml\dal-config.xml = xml\dal-config.xml
		xml\orderItem.xml = xml\orderItem.xml
		xml\orders.xml = xml\orders.xml
		xml\Product.xml = xml\Product.xml
		xml\users.xml = xml\users.xml
	EndProjectSection
EndProject
Project("{9A19103F-16F7-4668-BE54-9A1E7A4F7556}") = "DalXml", "DalXml\DalXml.csproj", "{5414BEC7-F173-42B0-A52C-7765E45659DE}"
EndProject
Project("{9A19103F-16F7-4668-BE54-9A1E7A4F7556}") = "Simulator", "Simulator\Simulator.csproj", "{8FD676E3-796C-419B-B713-C890027049A5}"
EndProject
Project("{FAE04EC0-301F-11D3-BF4B-00C04F79EFBC}") = "XmlInitailzer", "XmlInitailzer\XmlInitailzer.csproj", "{02DE8DB9-C740-4CB0-B864-57ECF0158D1E}"
EndProject
Global
	GlobalSection(SolutionConfigurationPlatforms) = preSolution
		Debug|Any CPU = Debug|Any CPU
		Release|Any CPU = Release|Any CPU
	EndGlobalSection
	GlobalSection(ProjectConfigurationPlatforms) = postSolution
		{24606F39-5949-47E7-B448-74D3267F33D8}.Debug|Any CPU.ActiveCfg = Debug|Any CPU
		{24606F39-5949-47E7-B448-74D3267F33D8}.Debug|Any CPU.Build.0 = Debug|Any CPU
		{24606F39-5949-47E7-B448-74D3267F33D8}.Release|Any CPU.ActiveCfg = Release|Any CPU
		{24606F39-5949-47E7-B448-74D3267F33D8}.Release|Any CPU.Build.0 = Release|Any CPU
		{EDB778E3-A6E3-4E21-8AB7-37871B308E2A}.Debug|Any CPU.ActiveCfg = Debug|Any CPU
		{EDB778E3-A6E3-4E21-8AB7-37871B308E2A}.Debug|Any CPU.Build.0 = Debug|Any CPU
		{EDB778E3-A6E3-4E21-8AB7-37871B308E2A}.Release|Any CPU.ActiveCfg = Release|Any CPU
		{EDB778E3-A6E3-4E21-8AB7-37871B308E2A}.Release|Any CPU.Build.0 = Release|Any CPU
		{29400256-9E85-411C-8DA1-A1CDAF4CC06A}.Debug|Any CPU.ActiveCfg = Debug|Any CPU
		{29400256-9E85-411C-8DA1-A1CDAF4CC06A}.Debug|Any CPU.Build.0 = Debug|Any CPU
		{29400256-9E85-411C-8DA1-A1CDAF4CC06A}.Release|Any CPU.ActiveCfg = Release|Any CPU
		{29400256-9E85-411C-8DA1-A1CDAF4CC06A}.Release|Any CPU.Build.0 = Release|Any CPU
		{7526B8C3-910B-44FE-A584-7C29637CDB90}.Debug|Any CPU.ActiveCfg = Debug|Any CPU
		{7526B8C3-910B-44FE-A584-7C29637CDB90}.Debug|Any CPU.Build.0 = Debug|Any CPU
		{7526B8C3-910B-44FE-A584-7C29637CDB90}.Release|Any CPU.ActiveCfg = Release|Any CPU
		{7526B8C3-910B-44FE-A584-7C29637CDB90}.Release|Any CPU.Build.0 = Release|Any CPU
		{647562EA-9699-4D0B-AC4C-F73F7DF9C211}.Debug|Any CPU.ActiveCfg = Debug|Any CPU
		{647562EA-9699-4D0B-AC4C-F73F7DF9C211}.Debug|Any CPU.Build.0 = Debug|Any CPU
		{647562EA-9699-4D0B-AC4C-F73F7DF9C211}.Release|Any CPU.ActiveCfg = Release|Any CPU
		{647562EA-9699-4D0B-AC4C-F73F7DF9C211}.Release|Any CPU.Build.0 = Release|Any CPU
		{50B4642A-FE69-485B-8EBE-94C4D5773C55}.Debug|Any CPU.ActiveCfg = Debug|Any CPU
		{50B4642A-FE69-485B-8EBE-94C4D5773C55}.Debug|Any CPU.Build.0 = Debug|Any CPU
		{50B4642A-FE69-485B-8EBE-94C4D5773C55}.Release|Any CPU.ActiveCfg = Release|Any CPU
		{50B4642A-FE69-485B-8EBE-94C4D5773C55}.Release|Any CPU.Build.0 = Release|Any CPU
		{2EFFE007-34B1-43BA-BAEA-2E90C06255D1}.Debug|Any CPU.ActiveCfg = Debug|Any CPU
		{2EFFE007-34B1-43BA-BAEA-2E90C06255D1}.Debug|Any CPU.Build.0 = Debug|Any CPU
		{2EFFE007-34B1-43BA-BAEA-2E90C06255D1}.Release|Any CPU.ActiveCfg = Release|Any CPU
		{2EFFE007-34B1-43BA-BAEA-2E90C06255D1}.Release|Any CPU.Build.0 = Release|Any CPU
		{5414BEC7-F173-42B0-A52C-7765E45659DE}.Debug|Any CPU.ActiveCfg = Debug|Any CPU
		{5414BEC7-F173-42B0-A52C-7765E45659DE}.Debug|Any CPU.Build.0 = Debug|Any CPU
		{5414BEC7-F173-42B0-A52C-7765E45659DE}.Release|Any CPU.ActiveCfg = Release|Any CPU
		{5414BEC7-F173-42B0-A52C-7765E45659DE}.Release|Any CPU.Build.0 = Release|Any CPU
		{8FD676E3-796C-419B-B713-C890027049A5}.Debug|Any CPU.ActiveCfg = Debug|Any CPU
		{8FD676E3-796C-419B-B713-C890027049A5}.Debug|Any CPU.Build.0 = Debug|Any CPU
		{8FD676E3-796C-419B-B713-C890027049A5}.Release|Any CPU.ActiveCfg = Release|Any CPU
		{8FD676E3-796C-419B-B713-C890027049A5}.Release|Any CPU.Build.0 = Release|Any CPU
		{02DE8DB9-C740-4CB0-B864-57ECF0158D1E}.Debug|Any CPU.ActiveCfg = Debug|Any CPU
		{02DE8DB9-C740-4CB0-B864-57ECF0158D1E}.Debug|Any CPU.Build.0 = Debug|Any CPU
		{02DE8DB9-C740-4CB0-B864-57ECF0158D1E}.Release|Any CPU.ActiveCfg = Release|Any CPU
		{02DE8DB9-C740-4CB0-B864-57ECF0158D1E}.Release|Any CPU.Build.0 = Release|Any CPU
	EndGlobalSection
	GlobalSection(SolutionProperties) = preSolution
		HideSolutionNode = FALSE
	EndGlobalSection
	GlobalSection(ExtensibilityGlobals) = postSolution
		SolutionGuid = {963E2660-B839-43D3-A38C-70EC0197FD82}
	EndGlobalSection
EndGlobal
